lockfileVersion: '9.0'

settings:
  autoInstallPeers: true
  excludeLinksFromLockfile: false

importers:

  .:
    dependencies:
      '@zachleat/heading-anchors':
        specifier: ^1.0.3
        version: 1.0.3
      simpledotcss:
        specifier: ^2.3.7
        version: 2.3.7
    devDependencies:
      '@11ty/eleventy':
        specifier: ^3.1.1
        version: 3.1.1
      '@11ty/eleventy-img':
        specifier: ^6.0.4
        version: 6.0.4
      '@11ty/eleventy-navigation':
        specifier: ^1.0.4
        version: 1.0.4
      '@11ty/eleventy-plugin-rss':
        specifier: ^2.0.4
        version: 2.0.4
      '@11ty/eleventy-plugin-syntaxhighlight':
        specifier: ^5.0.1
        version: 5.0.1
      cross-env:
        specifier: ^7.0.3
        version: 7.0.3
      luxon:
        specifier: ^3.6.1
        version: 3.6.1
      prismjs:
        specifier: ^1.30.0
        version: 1.30.0
      zod:
        specifier: ^3.25.67
        version: 3.25.67
      zod-validation-error:
        specifier: ^3.4.1
        version: 3.4.1(zod@3.25.67)

packages:

  '@11ty/dependency-tree-esm@2.0.0':
    resolution: {integrity: sha512-+4ySOON4aEAiyAGuH6XQJtxpGSpo6nibfG01krgix00sqjhman2+UaDUopq6Ksv8/jBB3hqkhsHe3fDE4z8rbA==}

  '@11ty/dependency-tree@4.0.0':
    resolution: {integrity: sha512-PTOnwM8Xt+GdJmwRKg4pZ8EKAgGoK7pedZBfNSOChXu8MYk2FdEsxdJYecX4t62owpGw3xK60q9TQv/5JI59jw==}

  '@11ty/eleventy-dev-server@2.0.8':
    resolution: {integrity: sha512-15oC5M1DQlCaOMUq4limKRYmWiGecDaGwryr7fTE/oM9Ix8siqMvWi+I8VjsfrGr+iViDvWcH/TVI6D12d93mA==}
    engines: {node: '>=18'}
    hasBin: true

  '@11ty/eleventy-fetch@5.1.0':
    resolution: {integrity: sha512-gSmCA3olJxRwtTkXyS+KIanq1kEufCC+JsHyTa7ta5NqmeUQlWA8zEngtXrDl+ebrAvFz2bNaxLd+0ERpnnSPQ==}
    engines: {node: '>=18'}

  '@11ty/eleventy-img@6.0.4':
    resolution: {integrity: sha512-jSy9BmubVs0mN76dcXWfSYDgRU+1+/rq/SxUR3MgIvTUAJRDop5pFW+Z1f56CDcOlEHaiPqHgnfOlqRmJvXl7g==}
    engines: {node: '>=18'}

  '@11ty/eleventy-navigation@1.0.4':
    resolution: {integrity: sha512-FgIfKiFP1e3plQdIvSRph1tFV44bbCXcYs+AWcwnsfrn5I6Gf0t3hBq9IrR4JdnZ06hlEKq8qRbnbb0nfEZg3A==}

  '@11ty/eleventy-plugin-bundle@3.0.6':
    resolution: {integrity: sha512-wlEIMa1SEe6HE6ZyREEnPQiTw72337a2MPkyn0D1IzrqHrKU9euB17mv27LnnnyKvMJamCCqtU0985F5yyDL8g==}
    engines: {node: '>=18'}

  '@11ty/eleventy-plugin-rss@2.0.4':
    resolution: {integrity: sha512-LF60sGVlxGTryQe3hTifuzrwF8R7XbrNsM2xfcDcNMSliLN4kmB+7zvoLRySRx0AQDjqhPTAeeeT0ra6/9zHUQ==}

  '@11ty/eleventy-plugin-syntaxhighlight@5.0.1':
    resolution: {integrity: sha512-xDPF3Ay38XlmWZe9ER0SLtMmNah7olUBlGORhUiCUkPh3jYGVCDTDayi4tbFI9Dxha8NwKlfBZ2FXM/s3aZzAg==}

  '@11ty/eleventy-utils@2.0.7':
    resolution: {integrity: sha512-6QE+duqSQ0GY9rENXYb4iPR4AYGdrFpqnmi59tFp9VrleOl0QSh8VlBr2yd6dlhkdtj7904poZW5PvGr9cMiJQ==}
    engines: {node: '>=18'}

  '@11ty/eleventy@3.1.1':
    resolution: {integrity: sha512-nsMCW44WSYzpi6JSQ1ar/wlotj/2cxuP4AABX5Dxqwol3IQ3SkEMgcAugP1t1mthv5I0kIB9lql1Jv/lhUHIkg==}
    engines: {node: '>=18'}
    hasBin: true

  '@11ty/lodash-custom@4.17.21':
    resolution: {integrity: sha512-Mqt6im1xpb1Ykn3nbcCovWXK3ggywRJa+IXIdoz4wIIK+cvozADH63lexcuPpGS/gJ6/m2JxyyXDyupkMr5DHw==}
    engines: {node: '>=14'}

  '@11ty/posthtml-urls@1.0.1':
    resolution: {integrity: sha512-6EFN/yYSxC/OzYXpq4gXDyDMlX/W+2MgCvvoxf11X1z76bqkqFJ8eep5RiBWfGT5j0323a1pwpelcJJdR46MCw==}
    engines: {node: '>= 6'}

  '@11ty/recursive-copy@4.0.1':
    resolution: {integrity: sha512-Zsg1xgfdVTMKNPj9o4FZeYa73dFZRX856CL4LsmqPMvDr0TuIK4cH9CVWJyf0OkNmM8GmlibGX18fF0B75Rn1w==}
    engines: {node: '>=18'}

  '@emnapi/runtime@1.4.3':
    resolution: {integrity: sha512-pBPWdu6MLKROBX05wSNKcNb++m5Er+KQ9QkB+WVM+pW2Kx9hoSrVTnu3BdkI5eBLZoKu/J6mW/B6i6bJB2ytXQ==}

  '@img/sharp-darwin-arm64@0.33.5':
    resolution: {integrity: sha512-UT4p+iz/2H4twwAoLCqfA9UH5pI6DggwKEGuaPy7nCVQ8ZsiY5PIcrRvD1DzuY3qYL07NtIQcWnBSY/heikIFQ==}
    engines: {node: ^18.17.0 || ^20.3.0 || >=21.0.0}
    cpu: [arm64]
    os: [darwin]

  '@img/sharp-darwin-x64@0.33.5':
    resolution: {integrity: sha512-fyHac4jIc1ANYGRDxtiqelIbdWkIuQaI84Mv45KvGRRxSAa7o7d1ZKAOBaYbnepLC1WqxfpimdeWfvqqSGwR2Q==}
    engines: {node: ^18.17.0 || ^20.3.0 || >=21.0.0}
    cpu: [x64]
    os: [darwin]

  '@img/sharp-libvips-darwin-arm64@1.0.4':
    resolution: {integrity: sha512-XblONe153h0O2zuFfTAbQYAX2JhYmDHeWikp1LM9Hul9gVPjFY427k6dFEcOL72O01QxQsWi761svJ/ev9xEDg==}
    cpu: [arm64]
    os: [darwin]

  '@img/sharp-libvips-darwin-x64@1.0.4':
    resolution: {integrity: sha512-xnGR8YuZYfJGmWPvmlunFaWJsb9T/AO2ykoP3Fz/0X5XV2aoYBPkX6xqCQvUTKKiLddarLaxpzNe+b1hjeWHAQ==}
    cpu: [x64]
    os: [darwin]

  '@img/sharp-libvips-linux-arm64@1.0.4':
    resolution: {integrity: sha512-9B+taZ8DlyyqzZQnoeIvDVR/2F4EbMepXMc/NdVbkzsJbzkUjhXv/70GQJ7tdLA4YJgNP25zukcxpX2/SueNrA==}
    cpu: [arm64]
    os: [linux]

  '@img/sharp-libvips-linux-arm@1.0.5':
    resolution: {integrity: sha512-gvcC4ACAOPRNATg/ov8/MnbxFDJqf/pDePbBnuBDcjsI8PssmjoKMAz4LtLaVi+OnSb5FK/yIOamqDwGmXW32g==}
    cpu: [arm]
    os: [linux]

  '@img/sharp-libvips-linux-s390x@1.0.4':
    resolution: {integrity: sha512-u7Wz6ntiSSgGSGcjZ55im6uvTrOxSIS8/dgoVMoiGE9I6JAfU50yH5BoDlYA1tcuGS7g/QNtetJnxA6QEsCVTA==}
    cpu: [s390x]
    os: [linux]

  '@img/sharp-libvips-linux-x64@1.0.4':
    resolution: {integrity: sha512-MmWmQ3iPFZr0Iev+BAgVMb3ZyC4KeFc3jFxnNbEPas60e1cIfevbtuyf9nDGIzOaW9PdnDciJm+wFFaTlj5xYw==}
    cpu: [x64]
    os: [linux]

  '@img/sharp-libvips-linuxmusl-arm64@1.0.4':
    resolution: {integrity: sha512-9Ti+BbTYDcsbp4wfYib8Ctm1ilkugkA/uscUn6UXK1ldpC1JjiXbLfFZtRlBhjPZ5o1NCLiDbg8fhUPKStHoTA==}
    cpu: [arm64]
    os: [linux]

  '@img/sharp-libvips-linuxmusl-x64@1.0.4':
    resolution: {integrity: sha512-viYN1KX9m+/hGkJtvYYp+CCLgnJXwiQB39damAO7WMdKWlIhmYTfHjwSbQeUK/20vY154mwezd9HflVFM1wVSw==}
    cpu: [x64]
    os: [linux]

  '@img/sharp-linux-arm64@0.33.5':
    resolution: {integrity: sha512-JMVv+AMRyGOHtO1RFBiJy/MBsgz0x4AWrT6QoEVVTyh1E39TrCUpTRI7mx9VksGX4awWASxqCYLCV4wBZHAYxA==}
    engines: {node: ^18.17.0 || ^20.3.0 || >=21.0.0}
    cpu: [arm64]
    os: [linux]

  '@img/sharp-linux-arm@0.33.5':
    resolution: {integrity: sha512-JTS1eldqZbJxjvKaAkxhZmBqPRGmxgu+qFKSInv8moZ2AmT5Yib3EQ1c6gp493HvrvV8QgdOXdyaIBrhvFhBMQ==}
    engines: {node: ^18.17.0 || ^20.3.0 || >=21.0.0}
    cpu: [arm]
    os: [linux]

  '@img/sharp-linux-s390x@0.33.5':
    resolution: {integrity: sha512-y/5PCd+mP4CA/sPDKl2961b+C9d+vPAveS33s6Z3zfASk2j5upL6fXVPZi7ztePZ5CuH+1kW8JtvxgbuXHRa4Q==}
    engines: {node: ^18.17.0 || ^20.3.0 || >=21.0.0}
    cpu: [s390x]
    os: [linux]

  '@img/sharp-linux-x64@0.33.5':
    resolution: {integrity: sha512-opC+Ok5pRNAzuvq1AG0ar+1owsu842/Ab+4qvU879ippJBHvyY5n2mxF1izXqkPYlGuP/M556uh53jRLJmzTWA==}
    engines: {node: ^18.17.0 || ^20.3.0 || >=21.0.0}
    cpu: [x64]
    os: [linux]

  '@img/sharp-linuxmusl-arm64@0.33.5':
    resolution: {integrity: sha512-XrHMZwGQGvJg2V/oRSUfSAfjfPxO+4DkiRh6p2AFjLQztWUuY/o8Mq0eMQVIY7HJ1CDQUJlxGGZRw1a5bqmd1g==}
    engines: {node: ^18.17.0 || ^20.3.0 || >=21.0.0}
    cpu: [arm64]
    os: [linux]

  '@img/sharp-linuxmusl-x64@0.33.5':
    resolution: {integrity: sha512-WT+d/cgqKkkKySYmqoZ8y3pxx7lx9vVejxW/W4DOFMYVSkErR+w7mf2u8m/y4+xHe7yY9DAXQMWQhpnMuFfScw==}
    engines: {node: ^18.17.0 || ^20.3.0 || >=21.0.0}
    cpu: [x64]
    os: [linux]

  '@img/sharp-wasm32@0.33.5':
    resolution: {integrity: sha512-ykUW4LVGaMcU9lu9thv85CbRMAwfeadCJHRsg2GmeRa/cJxsVY9Rbd57JcMxBkKHag5U/x7TSBpScF4U8ElVzg==}
    engines: {node: ^18.17.0 || ^20.3.0 || >=21.0.0}
    cpu: [wasm32]

  '@img/sharp-win32-ia32@0.33.5':
    resolution: {integrity: sha512-T36PblLaTwuVJ/zw/LaH0PdZkRz5rd3SmMHX8GSmR7vtNSP5Z6bQkExdSK7xGWyxLw4sUknBuugTelgw2faBbQ==}
    engines: {node: ^18.17.0 || ^20.3.0 || >=21.0.0}
    cpu: [ia32]
    os: [win32]

  '@img/sharp-win32-x64@0.33.5':
    resolution: {integrity: sha512-MpY/o8/8kj+EcnxwvrP4aTJSWw/aZ7JIGR4aBeZkZw5B7/Jn+tY9/VNwtcoGmdT7GfggGIU4kygOMSbYnOrAbg==}
    engines: {node: ^18.17.0 || ^20.3.0 || >=21.0.0}
    cpu: [x64]
    os: [win32]

  '@rgrove/parse-xml@4.2.0':
    resolution: {integrity: sha512-UuBOt7BOsKVOkFXRe4Ypd/lADuNIfqJXv8GvHqtXaTYXPPKkj2nS2zPllVsrtRjcomDhIJVBnZwfmlI222WH8g==}
    engines: {node: '>=14.0.0'}

  '@sindresorhus/slugify@2.2.1':
    resolution: {integrity: sha512-MkngSCRZ8JdSOCHRaYd+D01XhvU3Hjy6MGl06zhOk614hp9EOAp5gIkBeQg7wtmxpitU6eAL4kdiRMcJa2dlrw==}
    engines: {node: '>=12'}

  '@sindresorhus/transliterate@1.6.0':
    resolution: {integrity: sha512-doH1gimEu3A46VX6aVxpHTeHrytJAG6HgdxntYnCFiIFHEM/ZGpG8KiZGBChchjQmG0XFIBL552kBTjVcMZXwQ==}
    engines: {node: '>=12'}

  '@zachleat/heading-anchors@1.0.3':
    resolution: {integrity: sha512-PJPy09KrJK//1MQLMcfe7i5QFGdlseZ1a+oy1Y0nlcVHbupnnZjFBj25dAGnYEbJ4OMXe3c8c9dyJoWWbXr2iA==}

  a-sync-waterfall@1.0.1:
    resolution: {integrity: sha512-RYTOHHdWipFUliRFMCS4X2Yn2X8M87V/OpSqWzKKOGhzqyUxzyVmhHDH9sAvG+ZuQf/TAOFsLCpMw09I1ufUnA==}

  acorn-walk@8.3.4:
    resolution: {integrity: sha512-ueEepnujpqee2o5aIYnvHU6C0A42MNdsIDeqy5BydrkuC5R1ZuUFnm27EeFJGoEHJQgn3uleRvmTXaJgfXbt4g==}
    engines: {node: '>=0.4.0'}

  acorn@8.15.0:
    resolution: {integrity: sha512-NZyJarBfL7nWwIq+FDL6Zp/yHEhePMNnnJ0y3qfieCrmNvYct8uvtiV41UvlSe6apAfk0fY1FbWx+NwfmpvtTg==}
    engines: {node: '>=0.4.0'}
    hasBin: true

  anymatch@3.1.3:
    resolution: {integrity: sha512-KMReFUr0B4t+D+OBkjR3KYqvocp2XaSzO55UcB6mgQMd3KbcE+mWTyvVV7D/zsdEbNnV6acZUutkiHQXvTr1Rw==}
    engines: {node: '>= 8'}

  argparse@1.0.10:
    resolution: {integrity: sha512-o5Roy6tNG4SL/FOkCAN6RzjiakZS25RLYFrcMttJqbdd8BWrnA+fGz57iN5Pb06pvBGvl5gQ0B48dJlslXvoTg==}

  argparse@2.0.1:
    resolution: {integrity: sha512-8+9WqebbFzpX9OR+Wa6O29asIogeRMzcGtAINdpMHHyAg10f05aSFVBbcEqGf/PXw1EjAZ+q2/bEBg3DvurK3Q==}

  array-differ@1.0.0:
    resolution: {integrity: sha512-LeZY+DZDRnvP7eMuQ6LHfCzUGxAAIViUBliK24P3hWXL6y4SortgR6Nim6xrkfSLlmH0+k+9NYNwVC2s53ZrYQ==}
    engines: {node: '>=0.10.0'}

  array-union@1.0.2:
    resolution: {integrity: sha512-Dxr6QJj/RdU/hCaBjOfxW+q6lyuVE6JFWIrAUpuOOhoJJoQ99cUn3igRaHVB5P9WrgFVN0FfArM3x0cueOU8ng==}
    engines: {node: '>=0.10.0'}

  array-uniq@1.0.3:
    resolution: {integrity: sha512-MNha4BWQ6JbwhFhj03YK552f7cb3AzoE8SzeljgChvL1dl3IcvggXVz1DilzySZkCja+CXuZbdW7yATchWn8/Q==}
    engines: {node: '>=0.10.0'}

  arrify@1.0.1:
    resolution: {integrity: sha512-3CYzex9M9FGQjCGMGyi6/31c8GJbgb0qGyrx5HWxPd0aCwh4cB2YjMb2Xf9UuoogrMrlO9cTqnB5rI5GHZTcUA==}
    engines: {node: '>=0.10.0'}

  asap@2.0.6:
    resolution: {integrity: sha512-BSHWgDSAiKs50o2Re8ppvp3seVHXSRM44cdSsT9FfNEUUZLOGWVCsiWaRPWM1Znn+mqZ1OfVZ3z3DWEzSp7hRA==}

  balanced-match@1.0.2:
    resolution: {integrity: sha512-3oSeUO0TMV67hN1AmbXsK4yaqU7tjiHlbxRDZOpH0KW9+CeX4bRAaX0Anxt0tx2MrpRpWwQaPwIlISEJhYU5Pw==}

  bcp-47-match@2.0.3:
    resolution: {integrity: sha512-JtTezzbAibu8G0R9op9zb3vcWZd9JF6M0xOYGPn0fNCd7wOpRB1mU2mH9T8gaBGbAAyIIVgB2G7xG0GP98zMAQ==}

  bcp-47-normalize@2.3.0:
    resolution: {integrity: sha512-8I/wfzqQvttUFz7HVJgIZ7+dj3vUaIyIxYXaTRP1YWoSDfzt6TUmxaKZeuXR62qBmYr+nvuWINFRl6pZ5DlN4Q==}

  bcp-47@2.1.0:
    resolution: {integrity: sha512-9IIS3UPrvIa1Ej+lVDdDwO7zLehjqsaByECw0bu2RRGP73jALm6FYbzI5gWbgHLvNdkvfXB5YrSbocZdOS0c0w==}

  binary-extensions@2.3.0:
    resolution: {integrity: sha512-Ceh+7ox5qe7LJuLHoY0feh3pHuUDHAcRUeyL2VYghZwfpkNIy/+8Ocg0a3UuSoYzavmylwuLWQOf3hl0jjMMIw==}
    engines: {node: '>=8'}

  brace-expansion@1.1.11:
    resolution: {integrity: sha512-iCuPHDFgrHX7H2vEI/5xpz07zSHB00TpugqhmYtVmMO6518mCuRMoOYFldEBl0g187ufozdaHgWKcYFb61qGiA==}

  braces@3.0.3:
    resolution: {integrity: sha512-yQbXgO/OSZVD2IsiLlro+7Hf6Q18EJrKSEsdoMzKePKXct3gvD8oLcOQdIzGupr5Fj+EDe8gO/lxc1BzfMpxvA==}
    engines: {node: '>=8'}

  brotli-size@4.0.0:
    resolution: {integrity: sha512-uA9fOtlTRC0iqKfzff1W34DXUA3GyVqbUaeo3Rw3d4gd1eavKVCETXrn3NzO74W+UVkG3UHu8WxUi+XvKI/huA==}
    engines: {node: '>= 10.16.0'}

  chokidar@3.6.0:
    resolution: {integrity: sha512-7VT13fmjotKpGipCW9JEQAusEPE+Ei8nl6/g4FBAmIm0GOOLMua9NDDo/DWp0ZAxCr3cPq5ZpBqmPAQgDda2Pw==}
    engines: {node: '>= 8.10.0'}

  color-convert@2.0.1:
    resolution: {integrity: sha512-RRECPsj7iu/xb5oKYcsFHSppFNnsj/52OVTRKb4zP5onXwVF3zVmmToNcOfGC+CRDpfK/U584fMg38ZHCaElKQ==}
    engines: {node: '>=7.0.0'}

  color-name@1.1.4:
    resolution: {integrity: sha512-dOy+3AuW3a2wNbZHIuMZpTcgjGuLU/uBL/ubcZF9OXbDo8ff4O8yVp5Bf0efS8uEoYo5q4Fx7dY9OgQGXgAsQA==}

  color-string@1.9.1:
    resolution: {integrity: sha512-shrVawQFojnZv6xM40anx4CkoDP+fZsw/ZerEMsW/pyzsRbElpsL/DBVW7q3ExxwusdNXI3lXpuhEZkzs8p5Eg==}

  color@4.2.3:
    resolution: {integrity: sha512-1rXeuUUiGGrykh+CeBdu5Ie7OJwinCgQY0bc7GCRxy5xVHy+moaqkpL/jqQq0MtQOeYcrqEz4abc5f0KtU7W4A==}
    engines: {node: '>=12.5.0'}

  commander@10.0.1:
    resolution: {integrity: sha512-y4Mg2tXshplEbSGzx7amzPwKKOCGuoSRP/CjEdwwk0FOGlUbq6lKuoyDZTNZkmxHdJtp54hdfY/JUrdL7Xfdug==}
    engines: {node: '>=14'}

  commander@5.1.0:
    resolution: {integrity: sha512-P0CysNDQ7rtVw4QIQtm+MRxV66vKFSvlsQvGYXZWR3qFU0jlMKHZZZgw8e+8DSah4UDKMqnknRDQz+xuQXQ/Zg==}
    engines: {node: '>= 6'}

  concat-map@0.0.1:
    resolution: {integrity: sha512-/Srv4dswyQNBfohGpz9o6Yb3Gz3SrUDqBH5rTuhGR7ahtlbYKnVxw2bCFMRljaA7EXHaXZ8wsHdodFvbkhKmqg==}

  cross-env@7.0.3:
    resolution: {integrity: sha512-+/HKd6EgcQCJGh2PSjZuUitQBQynKor4wrFbRg4DtAgS1aWO+gU52xpH7M9ScGgXSYmAVS9bIJ8EzuaGw0oNAw==}
    engines: {node: '>=10.14', npm: '>=6', yarn: '>=1'}
    hasBin: true

  cross-spawn@7.0.6:
    resolution: {integrity: sha512-uV2QOWP2nWzsy2aMp8aRibhi9dlzF5Hgh5SHaB9OiTGEyDTiJJyx0uy51QXdyWbtAHNua4XJzUKca3OzKUd3vA==}
    engines: {node: '>= 8'}

  debug@2.6.9:
    resolution: {integrity: sha512-bC7ElrdJaJnPbAP+1EotYvqZsb3ecl5wi6Bfi6BJTUcNowp6cvspg0jXznRTKDjm/E7AdgFBVeAPVMNcKGsHMA==}
    peerDependencies:
      supports-color: '*'
    peerDependenciesMeta:
      supports-color:
        optional: true

  debug@4.4.1:
    resolution: {integrity: sha512-KcKCqiftBJcZr++7ykoDIEwSa3XWowTfNPo92BYxjXiyYEVrUQh2aLyhxBCwww+heortUFxEJYcRzosstTEBYQ==}
    engines: {node: '>=6.0'}
    peerDependencies:
      supports-color: '*'
    peerDependenciesMeta:
      supports-color:
        optional: true

  depd@2.0.0:
    resolution: {integrity: sha512-g7nH6P6dyDioJogAAGprGpCtVImJhpPk/roCzdb3fIh61/s/nPsfR6onyMwkCAR/OlC3yBC0lESvUoQEAssIrw==}
    engines: {node: '>= 0.8'}

  dependency-graph@1.0.0:
    resolution: {integrity: sha512-cW3gggJ28HZ/LExwxP2B++aiKxhJXMSIt9K48FOXQkm+vuG5gyatXnLsONRJdzO/7VfjDIiaOOa/bs4l464Lwg==}
    engines: {node: '>=4'}

  detect-libc@2.0.4:
    resolution: {integrity: sha512-3UDv+G9CsCKO1WKMGw9fwq/SWJYbI0c5Y7LU1AXYoDdbhE2AHQ6N6Nb34sG8Fj7T5APy8qXDCKuuIHd1BR0tVA==}
    engines: {node: '>=8'}

  dom-serializer@1.4.1:
    resolution: {integrity: sha512-VHwB3KfrcOOkelEG2ZOfxqLZdfkil8PtJi4P8N2MMXucZq2yLp75ClViUlOVwyoHEDjYU433Aq+5zWP61+RGag==}

  domelementtype@2.3.0:
    resolution: {integrity: sha512-OLETBj6w0OsagBwdXnPdN0cnMfF9opN69co+7ZrbfPGrdpPVNBUj02spi6B1N7wChLQiPn4CSH/zJvXw56gmHw==}

  domhandler@4.3.1:
    resolution: {integrity: sha512-GrwoxYN+uWlzO8uhUXRl0P+kHE4GtVPfYzVLcUxPL7KNdHKj66vvlhiweIHqYYXWlw+T8iLMp42Lm67ghw4WMQ==}
    engines: {node: '>= 4'}

  domutils@2.8.0:
    resolution: {integrity: sha512-w96Cjofp72M5IIhpjgobBimYEfoPjx1Vx0BSX9P30WBdZW2WIKU0T1Bd0kz2eNZ9ikjKgHbEyKx8BB6H1L3h3A==}

  duplexer@0.1.1:
    resolution: {integrity: sha512-sxNZ+ljy+RA1maXoUReeqBBpBC6RLKmg5ewzV+x+mSETmWNoKdZN6vcQjpFROemza23hGFskJtFNoUWUaQ+R4Q==}

  ee-first@1.1.1:
    resolution: {integrity: sha512-WMwm9LhRUo+WUaRN+vRuETqG89IgZphVSNkdFgeb6sS/E4OrDIN7t48CAewSHXc6C8lefD8KKfr5vY61brQlow==}

  encodeurl@2.0.0:
    resolution: {integrity: sha512-Q0n9HRi4m6JuGIV1eFlmvJB7ZEVxu93IrMyiMsGC0lrMJMWzRgx6WGquyfQgZVb31vhGgXnfmPNNXmxnOkRBrg==}
    engines: {node: '>= 0.8'}

  entities@2.2.0:
    resolution: {integrity: sha512-p92if5Nz619I0w+akJrLZH0MX0Pb5DX39XOwQTtXSdQQOaYH03S1uIQp4mhOZtAXrxq4ViO67YTiLBo2638o9A==}

  entities@3.0.1:
    resolution: {integrity: sha512-WiyBqoomrwMdFG1e0kqvASYfnlb0lp8M5o5Fw2OFq1hNZxxcNk8Ik0Xm7LxzBhuidnZB/UtBqVCgUz3kBOP51Q==}
    engines: {node: '>=0.12'}

  entities@4.5.0:
    resolution: {integrity: sha512-V0hjH4dGPh9Ao5p0MoRY6BVqtwCjhz6vI5LT8AJ55H+4g9/4vbHx1I54fS0XuclLhDHArPQCiMjDxjaL8fPxhw==}
    engines: {node: '>=0.12'}

  entities@6.0.0:
    resolution: {integrity: sha512-aKstq2TDOndCn4diEyp9Uq/Flu2i1GlLkc6XIDQSDMuaFE3OPW5OphLCyQ5SpSJZTb4reN+kTcYru5yIfXoRPw==}
    engines: {node: '>=0.12'}

  entities@6.0.1:
    resolution: {integrity: sha512-aN97NXWF6AWBTahfVOIrB/NShkzi5H7F9r1s9mD3cDj4Ko5f2qhhVoYMibXF7GlLveb/D2ioWay8lxI97Ven3g==}
    engines: {node: '>=0.12'}

  errno@1.0.0:
    resolution: {integrity: sha512-3zV5mFS1E8/1bPxt/B0xxzI1snsg3uSCIh6Zo1qKg6iMw93hzPANk9oBFzSFBFrwuVoQuE3rLoouAUfwOAj1wQ==}
    hasBin: true

  escape-html@1.0.3:
    resolution: {integrity: sha512-NiSupZ4OeuGwr68lGIeym/ksIZMJodUGOSCZ/FSnTxcrekbvqrgdUxlJOMpijaKZVjAJrWrGs/6Jy8OMuyj9ow==}

  escape-string-regexp@5.0.0:
    resolution: {integrity: sha512-/veY75JbMK4j1yjvuUxuVsiS/hr/4iHs9FTT6cgTexxdE0Ly/glccBAkloH/DofkjRbZU3bnoj38mOmhkZ0lHw==}
    engines: {node: '>=12'}

  esm-import-transformer@3.0.3:
    resolution: {integrity: sha512-Wj9kBIA9vKZRYAQzhe229M7wmWb2f3vTu86CkszZUy2/iiVCYljXm/EkwJtWKc0vup30WHhxbm3rpkysBKczxQ==}

  esprima@4.0.1:
    resolution: {integrity: sha512-eGuFFw7Upda+g4p+QHvnW0RyTX/SVeJBDM/gCtMARO0cLuT2HcEKnTPvhjV6aGeqrCB/sbNop0Kszm0jsaWU4A==}
    engines: {node: '>=4'}
    hasBin: true

  etag@1.8.1:
    resolution: {integrity: sha512-aIL5Fx7mawVa300al2BnEE4iNvo1qETxLrPI/o05L7z6go7fCw1J6EQmbK4FmJ2AS7kgVF/KEZWufBfdClMcPg==}
    engines: {node: '>= 0.6'}

  evaluate-value@2.0.0:
    resolution: {integrity: sha512-VonfiuDJc0z4sOO7W0Pd130VLsXN6vmBWZlrog1mCb/o7o/Nl5Lr25+Kj/nkCCAhG+zqeeGjxhkK9oHpkgTHhQ==}
    engines: {node: '>= 8'}

  eventemitter3@4.0.7:
    resolution: {integrity: sha512-8guHBZCwKnFhYdHr2ysuRWErTwhoN2X8XELRlrRwpmfeY2jjuUN4taQMsULKUVo1K4DvZl+0pgfyoysHxvmvEw==}

  extend-shallow@2.0.1:
    resolution: {integrity: sha512-zCnTtlxNoAiDc3gqY2aYAWFx7XWWiasuF2K8Me5WbN8otHKTUKBwjPtNpRs/rbUZm7KxWAaNj7P1a/p52GbVug==}
    engines: {node: '>=0.10.0'}

  fdir@6.4.5:
    resolution: {integrity: sha512-4BG7puHpVsIYxZUbiUE3RqGloLaSSwzYie5jvasC4LWuBWzZawynvYouhjbQKw2JuIGYdm0DzIxl8iVidKlUEw==}
    peerDependencies:
      picomatch: ^3 || ^4
    peerDependenciesMeta:
      picomatch:
        optional: true

  filesize@10.1.6:
    resolution: {integrity: sha512-sJslQKU2uM33qH5nqewAwVB2QgR6w1aMNsYUp3aN5rMRyXEwJGmZvaWzeJFNTOXWlHQyBFCWrdj3fV/fsTOX8w==}
    engines: {node: '>= 10.4.0'}

  fill-range@7.1.1:
    resolution: {integrity: sha512-YsGpe3WHLK8ZYi4tWDg2Jy3ebRz2rXowDxnld4bkQB00cc/1Zw9AWnC0i9ztDJitivtQvaI9KaLyKrc+hBW0yg==}
    engines: {node: '>=8'}

  finalhandler@1.3.1:
    resolution: {integrity: sha512-6BN9trH7bp3qvnrRyzsBz+g3lZxTNZTbVO2EV1CS0WIcDbawYVdYvGflME/9QP0h0pYlCDBCTjYa9nZzMDpyxQ==}
    engines: {node: '>= 0.8'}

  flatted@3.3.3:
    resolution: {integrity: sha512-GX+ysw4PBCz0PzosHDepZGANEuFCMLrnRTiEy9McGjmkCQYwRq4A/X786G/fjM/+OjsWSU1ZrY5qyARZmO/uwg==}

  fresh@2.0.0:
    resolution: {integrity: sha512-Rx/WycZ60HOaqLKAi6cHRKKI7zxWbJ31MhntmtwMoaTeF7XFH9hhBp8vITaMidfljRQ6eYWCKkaTK+ykVJHP2A==}
    engines: {node: '>= 0.8'}

  fsevents@2.3.3:
    resolution: {integrity: sha512-5xoDfX+fL7faATnagmWPpbFtwh/R77WmMMqqHGS65C3vvB0YHrgF+B1YmZ3441tMj5n63k0212XNoJwzlhffQw==}
    engines: {node: ^8.16.0 || ^10.6.0 || >=11.0.0}
    os: [darwin]

  glob-parent@5.1.2:
    resolution: {integrity: sha512-AOIgSQCepiJYwP3ARnGx+5VnTu2HBYdzbGP45eLw1vr3zB3vZLeyed1sC9hnbcOc9/SrMyM5RPQrkGz4aS9Zow==}
    engines: {node: '>= 6'}

  gray-matter@4.0.3:
    resolution: {integrity: sha512-5v6yZd4JK3eMI3FqqCouswVqwugaA9r4dNZB1wwcmrD02QkV5H0y7XBQW8QwQqEaZY1pM9aqORSORhJRdNK44Q==}
    engines: {node: '>=6.0'}

  htmlparser2@7.2.0:
    resolution: {integrity: sha512-H7MImA4MS6cw7nbyURtLPO1Tms7C5H602LRETv95z1MxO/7CP7rDVROehUYeYBUYEON94NXXDEPmZuq+hX4sog==}

  http-equiv-refresh@2.0.1:
    resolution: {integrity: sha512-XJpDL/MLkV3dKwLzHwr2dY05dYNfBNlyPu4STQ8WvKCFdc6vC5tPXuq28of663+gHVg03C+16pHHs/+FmmDjcw==}
    engines: {node: '>= 6'}

  http-errors@2.0.0:
    resolution: {integrity: sha512-FtwrG/euBzaEjYeRqOgly7G0qviiXoJWnvEH2Z1plBdXgbyjv34pHTSb9zoeHMyDy33+DWy5Wt9Wo+TURtOYSQ==}
    engines: {node: '>= 0.8'}

  image-size@1.2.1:
    resolution: {integrity: sha512-rH+46sQJ2dlwfjfhCyNx5thzrv+dtmBIhPHk0zgRUukHzZ/kRueTJXoYYsclBaKcSMBWuGbOFXtioLpzTb5euw==}
    engines: {node: '>=16.x'}
    hasBin: true

  inherits@2.0.4:
    resolution: {integrity: sha512-k/vGaX4/Yla3WzyMCvTQOXYeIHvqOKtnqBduzTHpzpQZzAskKMhZ2K+EnBiSM9zGSoIFeMpXKxa4dYeZIQqewQ==}

  is-alphabetical@2.0.1:
    resolution: {integrity: sha512-FWyyY60MeTNyeSRpkM2Iry0G9hpr7/9kD40mD/cGQEuilcZYS4okz8SN2Q6rLCJ8gbCt6fN+rC+6tMGS99LaxQ==}

  is-alphanumerical@2.0.1:
    resolution: {integrity: sha512-hmbYhX/9MUMF5uh7tOXyK/n0ZvWpad5caBA17GsC6vyuCqaWliRG5K1qS9inmUhEMaOBIW7/whAnSwveW/LtZw==}

  is-arrayish@0.3.2:
    resolution: {integrity: sha512-eVRqCvVlZbuw3GrM63ovNSNAeA1K16kaR/LRY/92w0zxQ5/1YzwblUX652i4Xs9RwAGjW9d9y6X88t8OaAJfWQ==}

  is-binary-path@2.1.0:
    resolution: {integrity: sha512-ZMERYes6pDydyuGidse7OsHxtbI7WVeUEozgR/g7rd0xUimYNlvZRE/K2MgZTjWy725IfelLeVcEM97mmtRGXw==}
    engines: {node: '>=8'}

  is-decimal@2.0.1:
    resolution: {integrity: sha512-AAB9hiomQs5DXWcRB1rqsxGUstbRroFOPPVAomNk/3XHR5JyEZChOyTWe2oayKnsSsr/kcGqF+z6yuH6HHpN0A==}

  is-extendable@0.1.1:
    resolution: {integrity: sha512-5BMULNob1vgFX6EjQw5izWDxrecWK9AM72rugNr0TFldMOi0fj6Jk+zeKIt0xGj4cEfQIJth4w3OKWOJ4f+AFw==}
    engines: {node: '>=0.10.0'}

  is-extglob@2.1.1:
    resolution: {integrity: sha512-SbKbANkN603Vi4jEZv49LeVJMn4yGwsbzZworEoyEiutsN3nJYdbO36zfhGJ6QEDpOZIFkDtnq5JRxmvl3jsoQ==}
    engines: {node: '>=0.10.0'}

  is-glob@4.0.3:
    resolution: {integrity: sha512-xelSayHH36ZgE7ZWhli7pW34hNbNl8Ojv5KVmkJD4hBdD3th8Tfk9vYasLM+mXWOZhFkgZfxhLSnrwRr4elSSg==}
    engines: {node: '>=0.10.0'}

  is-json@2.0.1:
    resolution: {integrity: sha512-6BEnpVn1rcf3ngfmViLM6vjUjGErbdrL4rwlv+u1NO1XO8kqT4YGL8+19Q+Z/bas8tY90BTWMk2+fW1g6hQjbA==}

  is-number@7.0.0:
    resolution: {integrity: sha512-41Cifkg6e8TylSpdtTpeLVMqvSBEVzTttHvERD741+pnZ8ANv0004MRL43QKPDlK9cGvNp6NZWZUBlbGXYxxng==}
    engines: {node: '>=0.12.0'}

  isexe@2.0.0:
    resolution: {integrity: sha512-RHxMLp9lnKHGHRng9QFhRCMbYAcVpn69smSGcq3f36xjgVVWThj4qqLbTLlq7Ssj8B+fIQ1EuCEGI2lKsyQeIw==}

  iso-639-1@3.1.5:
    resolution: {integrity: sha512-gXkz5+KN7HrG0Q5UGqSMO2qB9AsbEeyLP54kF1YrMsIxmu+g4BdB7rflReZTSTZGpfj8wywu6pfPBCylPIzGQA==}
    engines: {node: '>=6.0'}

  js-yaml@3.14.1:
    resolution: {integrity: sha512-okMH7OXXJ7YrN9Ok3/SXrnu4iX9yOk+25nqX4imS2npuvTYDmo/QEZoqwZkYaIDk3jVvBOTOIEgEhaLOynBS9g==}
    hasBin: true

  js-yaml@4.1.0:
    resolution: {integrity: sha512-wpxZs9NoxZaJESJGIZTyDEaYpl0FKSA+FB9aJiyemKhMwkxQg63h4T1KJgUGHpTqPDNRcmmYLugrRjJlBtWvRA==}
    hasBin: true

  junk@3.1.0:
    resolution: {integrity: sha512-pBxcB3LFc8QVgdggvZWyeys+hnrNWg4OcZIU/1X59k5jQdLBlCsYGRQaz234SqoRLTCgMH00fY0xRJH+F9METQ==}
    engines: {node: '>=8'}

  kind-of@6.0.3:
    resolution: {integrity: sha512-dcS1ul+9tmeD95T+x28/ehLgd9mENa3LsvDTtzm3vyBEO7RPptvAD+t44WVXaUjTBRcrpFeFlC8WCruUR456hw==}
    engines: {node: '>=0.10.0'}

  kleur@4.1.5:
    resolution: {integrity: sha512-o+NO+8WrRiQEE4/7nwRJhN1HWpVmJm511pBHUxPLtp0BUISzlBplORYSmTclCnJvQq2tKu/sgl3xVpkc7ZWuQQ==}
    engines: {node: '>=6'}

  linkify-it@5.0.0:
    resolution: {integrity: sha512-5aHCbzQRADcdP+ATqnDuhhJ/MRIqDkZX5pyjFHRRysS8vZ5AbqGEoFIb6pYHPZ+L/OC2Lc+xT8uHVVR5CAK/wQ==}

  liquidjs@10.21.1:
    resolution: {integrity: sha512-NZXmCwv3RG5nire3fmIn9HsOyJX3vo+ptp0yaXUHAMzSNBhx74Hm+dAGJvscUA6lNqbLuYfXgNavRQ9UbUJhQQ==}
    engines: {node: '>=14'}
    hasBin: true

  list-to-array@1.1.0:
    resolution: {integrity: sha512-+dAZZ2mM+/m+vY9ezfoueVvrgnHIGi5FvgSymbIgJOFwiznWyA59mav95L+Mc6xPtL3s9gm5eNTlNtxJLbNM1g==}

  luxon@3.6.1:
    resolution: {integrity: sha512-tJLxrKJhO2ukZ5z0gyjY1zPh3Rh88Ej9P7jNrZiHMUXHae1yvI2imgOZtL1TO8TW6biMMKfTtAOoEJANgtWBMQ==}
    engines: {node: '>=12'}

  markdown-it@14.1.0:
    resolution: {integrity: sha512-a54IwgWPaeBCAAsv13YgmALOF1elABB08FxO9i+r4VFk5Vl4pKokRPeX8u5TCgSsPi6ec1otfLjdOpVcgbpshg==}
    hasBin: true

  maximatch@0.1.0:
    resolution: {integrity: sha512-9ORVtDUFk4u/NFfo0vG/ND/z7UQCVZBL539YW0+U1I7H1BkZwizcPx5foFv7LCPcBnm2U6RjFnQOsIvN4/Vm2A==}
    engines: {node: '>=0.10.0'}

  mdurl@2.0.0:
    resolution: {integrity: sha512-Lf+9+2r+Tdp5wXDXC4PcIBjTDtq4UKjCPMQhKIuzpJNW0b96kVqSwW0bT7FhRSfmAiFYgP+SCRvdrDozfh0U5w==}

  mime-db@1.54.0:
    resolution: {integrity: sha512-aU5EJuIN2WDemCcAp2vFBfp/m4EAhWJnUNSSw0ixs7/kXbd6Pg64EmwJkNdFhB8aWt1sH2CTXrLxo/iAGV3oPQ==}
    engines: {node: '>= 0.6'}

  mime-types@3.0.1:
    resolution: {integrity: sha512-xRc4oEhT6eaBpU1XF7AjpOFD+xQmXNB5OVKwp4tqCuBpHLS/ZbBDrc07mYTDqVMg6PfxUjjNp85O6Cd2Z/5HWA==}
    engines: {node: '>= 0.6'}

  mime@3.0.0:
    resolution: {integrity: sha512-jSCU7/VB1loIWBZe14aEYHU/+1UMEHoaO7qxCOVJOw9GgH72VAWppxNcjU+x9a2k3GSIBXNKxXQFqRvvZ7vr3A==}
    engines: {node: '>=10.0.0'}
    hasBin: true

  minimatch@3.1.2:
    resolution: {integrity: sha512-J7p63hRiAjw1NDEww1W7i37+ByIrOWO5XQQAzZ3VOcL0PNybwpfmV/N05zFAzwQ9USyEcX6t3UO+K5aqBQOIHw==}

  minimist@1.2.8:
    resolution: {integrity: sha512-2yyAR8qBkN3YuheJanUpWC5U3bb5osDywNB8RzDVlDwDHbocAJveqqj1u8+SVD7jkWT4yvsHCpWqqWqAxb0zCA==}

  minipass@7.1.2:
    resolution: {integrity: sha512-qOOzS1cBTWYF4BH8fVePDBOO9iptMnGUEZwNc/cMWnTV2nVLZ7VoNWEPHkYczZA0pdoA7dl6e7FL659nX9S2aw==}
    engines: {node: '>=16 || 14 >=14.17'}

  moo@0.5.2:
    resolution: {integrity: sha512-iSAJLHYKnX41mKcJKjqvnAN9sf0LMDTXDEvFv+ffuRR9a1MIuXLjMNL6EsnDHSkKLTWNqQQ5uo61P4EbU4NU+Q==}

  morphdom@2.7.5:
    resolution: {integrity: sha512-z6bfWFMra7kBqDjQGHud1LSXtq5JJC060viEkQFMBX6baIecpkNr2Ywrn2OQfWP3rXiNFQRPoFjD8/TvJcWcDg==}

  ms@2.0.0:
    resolution: {integrity: sha512-Tpp60P6IUJDTuOq/5Z8cdskzJujfwqfOTkrwIwj7IRISpnkJnT6SyJ4PCPnGMoFjC9ddhal5KVIYtAt97ix05A==}

  ms@2.1.3:
    resolution: {integrity: sha512-6FlzubTLZG3J2a/NVCAleEhjzq5oxgHyaCU9yYXvcLsvoVaHJq/s5xXI6/XXP6tz7R9xAOtHnSO/tXtF3WRTlA==}

  node-retrieve-globals@6.0.1:
    resolution: {integrity: sha512-j0DeFuZ/Wg3VlklfbxUgZF/mdHMTEiEipBb3q0SpMMbHaV3AVfoUQF8UGxh1s/yjqO0TgRZd4Pi/x2yRqoQ4Eg==}

  normalize-path@3.0.0:
    resolution: {integrity: sha512-6eZs5Ls3WtCisHWp9S2GUy8dqkpGi4BVSz3GaqiE6ezub0512ESztXUwUB6C6IKbQkY2Pnb/mD4WYojCRwcwLA==}
    engines: {node: '>=0.10.0'}

  nunjucks@3.2.4:
    resolution: {integrity: sha512-26XRV6BhkgK0VOxfbU5cQI+ICFUtMLixv1noZn1tGU38kQH5A5nmmbk/O45xdyBhD1esk47nKrY0mvQpZIhRjQ==}
    engines: {node: '>= 6.9.0'}
    hasBin: true
    peerDependencies:
      chokidar: ^3.3.0
    peerDependenciesMeta:
      chokidar:
        optional: true

  on-finished@2.4.1:
    resolution: {integrity: sha512-oVlzkg3ENAhCk2zdv7IJwd/QUD4z2RxRwpkcGY8psCVcCYZNq4wYnVWALHM+brtuJjePWiYF/ClmuDr8Ch5+kg==}
    engines: {node: '>= 0.8'}

  p-finally@1.0.0:
    resolution: {integrity: sha512-LICb2p9CB7FS+0eR1oqWnHhp0FljGLZCWBE9aix0Uye9W8LTQPwMTYVGWQWIw9RdQiDg4+epXQODwIYJtSJaow==}
    engines: {node: '>=4'}

  p-queue@6.6.2:
    resolution: {integrity: sha512-RwFpb72c/BhQLEXIZ5K2e+AhgNVmIejGlTgiB9MzZ0e93GRvqZ7uSi0dvRF7/XIXDeNkra2fNHBxTyPDGySpjQ==}
    engines: {node: '>=8'}

  p-timeout@3.2.0:
    resolution: {integrity: sha512-rhIwUycgwwKcP9yTOOFK/AKsAopjjCakVqLHePO3CC6Mir1Z99xT+R63jZxAT5lFZLa2inS5h+ZS2GvR99/FBg==}
    engines: {node: '>=8'}

  parse-srcset@1.0.2:
    resolution: {integrity: sha512-/2qh0lav6CmI15FzA3i/2Bzk2zCgQhGMkvhOhKNcBVQ1ldgpbfiNTVslmooUmWJcADi1f1kIeynbDRVzNlfR6Q==}

  parseurl@1.3.3:
    resolution: {integrity: sha512-CiyeOxFT/JZyN5m0z9PfXw4SCBJ6Sygz1Dpl0wqjlhDEGGBP1GnsUVEL0p63hoG1fcj3fHynXi9NYO4nWOL+qQ==}
    engines: {node: '>= 0.8'}

  path-key@3.1.1:
    resolution: {integrity: sha512-ojmeN0qd+y0jszEtoY48r0Peq5dwMEkIlCOu6Q5f41lfkswXuKtYrhgoTpLnyIcHm24Uhqx+5Tqm2InSwLhE6Q==}
    engines: {node: '>=8'}

  picomatch@2.3.1:
    resolution: {integrity: sha512-JU3teHTNjmE2VCGFzuY8EXzCDVwEqB2a8fsIvwaStHhAWJEeVd1o1QD80CU6+ZdEXXSLbSsuLwJjkCBWqRQUVA==}
    engines: {node: '>=8.6'}

  picomatch@4.0.2:
    resolution: {integrity: sha512-M7BAV6Rlcy5u+m6oPhAPFgJTzAioX/6B0DxyvDlo9l8+T3nLKbrczg2WLUyzd45L8RqfUMyGPzekbMvX2Ldkwg==}
    engines: {node: '>=12'}

  please-upgrade-node@3.2.0:
    resolution: {integrity: sha512-gQR3WpIgNIKwBMVLkpMUeR3e1/E1y42bqDQZfql+kDeXd8COYfM8PQA4X6y7a8u9Ua9FHmsrrmirW2vHs45hWg==}

  posthtml-match-helper@2.0.3:
    resolution: {integrity: sha512-p9oJgTdMF2dyd7WE54QI1LvpBIkNkbSiiECKezNnDVYhGhD1AaOnAkw0Uh0y5TW+OHO8iBdSqnd8Wkpb6iUqmw==}
    engines: {node: '>=18'}
    peerDependencies:
      posthtml: ^0.16.6

  posthtml-parser@0.11.0:
    resolution: {integrity: sha512-QecJtfLekJbWVo/dMAA+OSwY79wpRmbqS5TeXvXSX+f0c6pW4/SE6inzZ2qkU7oAMCPqIDkZDvd/bQsSFUnKyw==}
    engines: {node: '>=12'}

  posthtml-render@3.0.0:
    resolution: {integrity: sha512-z+16RoxK3fUPgwaIgH9NGnK1HKY9XIDpydky5eQGgAFVXTCSezalv9U2jQuNV+Z9qV1fDWNzldcw4eK0SSbqKA==}
    engines: {node: '>=12'}

  posthtml@0.16.6:
    resolution: {integrity: sha512-JcEmHlyLK/o0uGAlj65vgg+7LIms0xKXe60lcDOTU7oVX/3LuEuLwrQpW3VJ7de5TaFKiW4kWkaIpJL42FEgxQ==}
    engines: {node: '>=12.0.0'}

  prismjs@1.30.0:
    resolution: {integrity: sha512-DEvV2ZF2r2/63V+tK8hQvrR2ZGn10srHbXviTlcv7Kpzw8jWiNTqbVgjO3IY8RxrrOUF8VPMQQFysYYYv0YZxw==}
    engines: {node: '>=6'}

  prr@1.0.1:
    resolution: {integrity: sha512-yPw4Sng1gWghHQWj0B3ZggWUm4qVbPwPFcRG8KyxiU7J2OHFSoEHKS+EZ3fv5l1t9CyCiop6l/ZYeWbrgoQejw==}

  punycode.js@2.3.1:
    resolution: {integrity: sha512-uxFIHU0YlHYhDQtV4R9J6a52SLx28BCjT+4ieh7IGbgwVJWO+km431c4yRlREUAsAmt/uMjQUyQHNEPf0M39CA==}
    engines: {node: '>=6'}

  queue@6.0.2:
    resolution: {integrity: sha512-iHZWu+q3IdFZFX36ro/lKBkSvfkztY5Y7HMiPlOUjhupPcG2JMfst2KKEpu5XndviX/3UhFbRngUPNKtgvtZiA==}

  range-parser@1.2.1:
    resolution: {integrity: sha512-Hrgsx+orqoygnmhFbKaHE6c296J+HTAQXoxEF6gNupROmmGJRoyzfG3ccAveqCBrwr/2yxQ5BVd/GTl5agOwSg==}
    engines: {node: '>= 0.6'}

  readdirp@3.6.0:
    resolution: {integrity: sha512-hOS089on8RduqdbhvQ5Z37A0ESjsqz6qnRcffsMU3495FuTdqSm+7bhJ29JvIOsBDEEnan5DPu9t3To9VRlMzA==}
    engines: {node: '>=8.10.0'}

  section-matter@1.0.0:
    resolution: {integrity: sha512-vfD3pmTzGpufjScBh50YHKzEu2lxBWhVEHsNGoEXmCmn2hKGfeNLYMzCJpe8cD7gqX7TJluOVpBkAequ6dgMmA==}
    engines: {node: '>=4'}

  semver-compare@1.0.0:
    resolution: {integrity: sha512-YM3/ITh2MJ5MtzaM429anh+x2jiLVjqILF4m4oyQB18W7Ggea7BfqdH/wGMK7dDiMghv/6WG7znWMwUDzJiXow==}

  semver@7.7.2:
    resolution: {integrity: sha512-RF0Fw+rO5AMf9MAyaRXI4AV0Ulj5lMHqVxxdSgiVbixSCXoEmmX/jk0CuJw4+3SqroYO9VoUh+HcuJivvtJemA==}
    engines: {node: '>=10'}
    hasBin: true

  send@1.2.0:
    resolution: {integrity: sha512-uaW0WwXKpL9blXE2o0bRhoL2EGXIrZxQ2ZQ4mgcfoBxdFmQold+qWsD2jLrfZ0trjKL6vOw0j//eAwcALFjKSw==}
    engines: {node: '>= 18'}

  setprototypeof@1.2.0:
    resolution: {integrity: sha512-E5LDX7Wrp85Kil5bhZv46j8jOeboKq5JMmYM3gVGdGH8xFpPWXUMsNrlODCrkoxMEeNi/XZIwuRvY4XNwYMJpw==}

  sharp@0.33.5:
    resolution: {integrity: sha512-haPVm1EkS9pgvHrQ/F3Xy+hgcuMV0Wm9vfIBSiwZ05k+xgb0PkBQpGsAA/oWdDobNaZTH5ppvHtzCFbnSEwHVw==}
    engines: {node: ^18.17.0 || ^20.3.0 || >=21.0.0}

  shebang-command@2.0.0:
    resolution: {integrity: sha512-kHxr2zZpYtdmrN1qDjrrX/Z1rR1kG8Dx+gkpK1G4eXmvXswmcE1hTWBWYUzlraYw1/yZp6YuDY77YtvbN0dmDA==}
    engines: {node: '>=8'}

  shebang-regex@3.0.0:
    resolution: {integrity: sha512-7++dFhtcx3353uBaq8DDR4NuxBetBzC7ZQOhmTQInHEd6bSrXdiEyzCvG07Z44UYdLShWUyXt5M/yhz8ekcb1A==}
    engines: {node: '>=8'}

  simple-swizzle@0.2.2:
    resolution: {integrity: sha512-JA//kQgZtbuY83m+xT+tXJkmJncGMTFT+C+g2h2R9uxkYIrE2yy9sgmcLhCnw57/WSD+Eh3J97FPEDFnbXnDUg==}

  simpledotcss@2.3.7:
    resolution: {integrity: sha512-Ag3TpigN7725AnvgwyGkErd50SuYmlDQRU+9LLNHUIK8T4DUEWPHut6GpD1ivxARrBd8eYGTL8vzKazVFYUpQg==}

  slash@3.0.0:
    resolution: {integrity: sha512-g9Q1haeby36OSStwb4ntCGGGaKsaVSjQ68fBxoQcutl5fS1vuY18H3wSt3jFyFtrkx+Kz0V1G85A4MyAdDMi2Q==}
    engines: {node: '>=8'}

  slugify@1.6.6:
    resolution: {integrity: sha512-h+z7HKHYXj6wJU+AnS/+IH8Uh9fdcX1Lrhg1/VMdf9PwoBQXFcXiAdsy2tSK0P6gKwJLXp02r90ahUCqHk9rrw==}
    engines: {node: '>=8.0.0'}

  sprintf-js@1.0.3:
    resolution: {integrity: sha512-D9cPgkvLlV3t3IzL0D0YLvGA9Ahk4PcvVwUbN0dSGr1aP0Nrt4AEnTUbuGvquEC0mA64Gqt1fzirlRs5ibXx8g==}

  ssri@11.0.0:
    resolution: {integrity: sha512-aZpUoMN/Jj2MqA4vMCeiKGnc/8SuSyHbGSBdgFbZxP8OJGF/lFkIuElzPxsN0q8TQQ+prw3P4EDfB3TBHHgfXw==}
    engines: {node: ^16.14.0 || >=18.0.0}

  statuses@2.0.1:
    resolution: {integrity: sha512-RwNA9Z/7PrK06rYLIzFMlaF+l73iwpzsqRIFgbMLbTcLD6cOao82TaWefPXQvB2fOC4AjuYSEndS7N/mTCbkdQ==}
    engines: {node: '>= 0.8'}

  statuses@2.0.2:
    resolution: {integrity: sha512-DvEy55V3DB7uknRo+4iOGT5fP1slR8wQohVdknigZPMpMstaKJQWhwiYBACJE3Ul2pTnATihhBYnRhZQHGBiRw==}
    engines: {node: '>= 0.8'}

  strip-bom-string@1.0.0:
    resolution: {integrity: sha512-uCC2VHvQRYu+lMh4My/sFNmF2klFymLX1wHJeXnbEJERpV/ZsVuonzerjfrGpIGF7LBVa1O7i9kjiWvJiFck8g==}
    engines: {node: '>=0.10.0'}

  tinyglobby@0.2.14:
    resolution: {integrity: sha512-tX5e7OM1HnYr2+a2C/4V0htOcSQcoSTH9KgJnVvNm5zm/cyEWKJ7j7YutsH9CxMdtOkkLFy2AHrMci9IM8IPZQ==}
    engines: {node: '>=12.0.0'}

  to-regex-range@5.0.1:
    resolution: {integrity: sha512-65P7iz6X5yEr1cwcgvQxbbIw7Uk3gOy5dIdtZ4rDveLqhrdJP+Li/Hx6tyK0NEb+2GCyneCMJiGqrADCSNk8sQ==}
    engines: {node: '>=8.0'}

  toidentifier@1.0.1:
    resolution: {integrity: sha512-o5sSPKEkg/DIQNmH43V0/uerLrpzVedkUh8tGNvaeXpfpuwjKenlSox/2O/BTlZUtEe+JG7s5YhEz608PlAHRA==}
    engines: {node: '>=0.6'}

  tslib@2.8.1:
    resolution: {integrity: sha512-oJFu94HQb+KVduSUQL7wnpmqnfmLsOA/nAh6b6EH0wCEoK0/mPeXU6c3wKDV83MkOuHPRHtSXKKU99IBazS/2w==}

  uc.micro@2.1.0:
    resolution: {integrity: sha512-ARDJmphmdvUk6Glw7y9DQ2bFkKBHwQHLi2lsaH6PPmz/Ka9sFOBsBluozhDltWmnv9u/cF6Rt87znRTPV+yp/A==}

  unpipe@1.0.0:
    resolution: {integrity: sha512-pjy2bYhSsufwWlKwPc+l3cN7+wuJlK6uz0YdJEOlQDbl6jo/YlPi4mb8agUkVC8BF7V8NuzeyPNqRksA3hztKQ==}
    engines: {node: '>= 0.8'}

  urlpattern-polyfill@10.1.0:
    resolution: {integrity: sha512-IGjKp/o0NL3Bso1PymYURCJxMPNAf/ILOpendP9f5B6e1rTJgdgiOvgfoT8VxCAdY+Wisb9uhGaJJf3yZ2V9nw==}

  which@2.0.2:
    resolution: {integrity: sha512-BLI3Tl1TW3Pvl70l3yq3Y64i+awpwXqsGBYWkkqMtnbXgrMD+yj7rhW0kuEDxzJaYXGjEW5ogapKNMEKNMjibA==}
    engines: {node: '>= 8'}
    hasBin: true

  ws@8.18.2:
    resolution: {integrity: sha512-DMricUmwGZUVr++AEAe2uiVM7UoO9MAVZMDu05UQOaUII0lp+zOzLLU4Xqh/JvTqklB1T4uELaaPBKyjE1r4fQ==}
    engines: {node: '>=10.0.0'}
    peerDependencies:
      bufferutil: ^4.0.1
      utf-8-validate: '>=5.0.2'
    peerDependenciesMeta:
      bufferutil:
        optional: true
      utf-8-validate:
        optional: true

  zod-validation-error@3.4.1:
    resolution: {integrity: sha512-1KP64yqDPQ3rupxNv7oXhf7KdhHHgaqbKuspVoiN93TT0xrBjql+Svjkdjq/Qh/7GSMmgQs3AfvBT0heE35thw==}
    engines: {node: '>=18.0.0'}
    peerDependencies:
      zod: ^3.24.4

  zod@3.25.67:
    resolution: {integrity: sha512-idA2YXwpCdqUSKRCACDE6ItZD9TZzy3OZMtpfLoh6oPR47lipysRrJfjzMqFxQ3uJuUPyUeWe1r9vLH33xO/Qw==}

snapshots:

  '@11ty/dependency-tree-esm@2.0.0':
    dependencies:
      '@11ty/eleventy-utils': 2.0.7
      acorn: 8.15.0
      dependency-graph: 1.0.0
      normalize-path: 3.0.0

  '@11ty/dependency-tree@4.0.0':
    dependencies:
      '@11ty/eleventy-utils': 2.0.7

  '@11ty/eleventy-dev-server@2.0.8':
    dependencies:
      '@11ty/eleventy-utils': 2.0.7
      chokidar: 3.6.0
      debug: 4.4.1
      finalhandler: 1.3.1
      mime: 3.0.0
      minimist: 1.2.8
      morphdom: 2.7.5
      please-upgrade-node: 3.2.0
      send: 1.2.0
      ssri: 11.0.0
      urlpattern-polyfill: 10.1.0
      ws: 8.18.2
    transitivePeerDependencies:
      - bufferutil
      - supports-color
      - utf-8-validate

  '@11ty/eleventy-fetch@5.1.0':
    dependencies:
      '@11ty/eleventy-utils': 2.0.7
      '@rgrove/parse-xml': 4.2.0
      debug: 4.4.1
      flatted: 3.3.3
      p-queue: 6.6.2
    transitivePeerDependencies:
      - supports-color

  '@11ty/eleventy-img@6.0.4':
    dependencies:
      '@11ty/eleventy-fetch': 5.1.0
      '@11ty/eleventy-utils': 2.0.7
      brotli-size: 4.0.0
      debug: 4.4.1
      entities: 6.0.0
      image-size: 1.2.1
      p-queue: 6.6.2
      sharp: 0.33.5
    transitivePeerDependencies:
      - supports-color

  '@11ty/eleventy-navigation@1.0.4':
    dependencies:
      dependency-graph: 1.0.0

  '@11ty/eleventy-plugin-bundle@3.0.6(posthtml@0.16.6)':
    dependencies:
      '@11ty/eleventy-utils': 2.0.7
      debug: 4.4.1
      posthtml-match-helper: 2.0.3(posthtml@0.16.6)
    transitivePeerDependencies:
      - posthtml
      - supports-color

  '@11ty/eleventy-plugin-rss@2.0.4':
    dependencies:
      '@11ty/eleventy-utils': 2.0.7
      '@11ty/posthtml-urls': 1.0.1
      debug: 4.4.1
      posthtml: 0.16.6
    transitivePeerDependencies:
      - supports-color

  '@11ty/eleventy-plugin-syntaxhighlight@5.0.1':
    dependencies:
      prismjs: 1.30.0

  '@11ty/eleventy-utils@2.0.7': {}

  '@11ty/eleventy@3.1.1':
    dependencies:
      '@11ty/dependency-tree': 4.0.0
      '@11ty/dependency-tree-esm': 2.0.0
      '@11ty/eleventy-dev-server': 2.0.8
      '@11ty/eleventy-plugin-bundle': 3.0.6(posthtml@0.16.6)
      '@11ty/eleventy-utils': 2.0.7
      '@11ty/lodash-custom': 4.17.21
      '@11ty/posthtml-urls': 1.0.1
      '@11ty/recursive-copy': 4.0.1
      '@sindresorhus/slugify': 2.2.1
      bcp-47-normalize: 2.3.0
      chokidar: 3.6.0
      debug: 4.4.1
      dependency-graph: 1.0.0
      entities: 6.0.1
      filesize: 10.1.6
      gray-matter: 4.0.3
      iso-639-1: 3.1.5
      js-yaml: 4.1.0
      kleur: 4.1.5
      liquidjs: 10.21.1
      luxon: 3.6.1
      markdown-it: 14.1.0
      minimist: 1.2.8
      moo: 0.5.2
      node-retrieve-globals: 6.0.1
      nunjucks: 3.2.4(chokidar@3.6.0)
      picomatch: 4.0.2
      please-upgrade-node: 3.2.0
      posthtml: 0.16.6
      posthtml-match-helper: 2.0.3(posthtml@0.16.6)
      semver: 7.7.2
      slugify: 1.6.6
      tinyglobby: 0.2.14
    transitivePeerDependencies:
      - bufferutil
      - supports-color
      - utf-8-validate

  '@11ty/lodash-custom@4.17.21': {}

  '@11ty/posthtml-urls@1.0.1':
    dependencies:
      evaluate-value: 2.0.0
      http-equiv-refresh: 2.0.1
      list-to-array: 1.1.0
      parse-srcset: 1.0.2

  '@11ty/recursive-copy@4.0.1':
    dependencies:
      errno: 1.0.0
      junk: 3.1.0
      maximatch: 0.1.0
      slash: 3.0.0

  '@emnapi/runtime@1.4.3':
    dependencies:
      tslib: 2.8.1
    optional: true

  '@img/sharp-darwin-arm64@0.33.5':
    optionalDependencies:
      '@img/sharp-libvips-darwin-arm64': 1.0.4
    optional: true

  '@img/sharp-darwin-x64@0.33.5':
    optionalDependencies:
      '@img/sharp-libvips-darwin-x64': 1.0.4
    optional: true

  '@img/sharp-libvips-darwin-arm64@1.0.4':
    optional: true

  '@img/sharp-libvips-darwin-x64@1.0.4':
    optional: true

  '@img/sharp-libvips-linux-arm64@1.0.4':
    optional: true

  '@img/sharp-libvips-linux-arm@1.0.5':
    optional: true

  '@img/sharp-libvips-linux-s390x@1.0.4':
    optional: true

  '@img/sharp-libvips-linux-x64@1.0.4':
    optional: true

  '@img/sharp-libvips-linuxmusl-arm64@1.0.4':
    optional: true

  '@img/sharp-libvips-linuxmusl-x64@1.0.4':
    optional: true

  '@img/sharp-linux-arm64@0.33.5':
    optionalDependencies:
      '@img/sharp-libvips-linux-arm64': 1.0.4
    optional: true

  '@img/sharp-linux-arm@0.33.5':
    optionalDependencies:
      '@img/sharp-libvips-linux-arm': 1.0.5
    optional: true

  '@img/sharp-linux-s390x@0.33.5':
    optionalDependencies:
      '@img/sharp-libvips-linux-s390x': 1.0.4
    optional: true

  '@img/sharp-linux-x64@0.33.5':
    optionalDependencies:
      '@img/sharp-libvips-linux-x64': 1.0.4
    optional: true

  '@img/sharp-linuxmusl-arm64@0.33.5':
    optionalDependencies:
      '@img/sharp-libvips-linuxmusl-arm64': 1.0.4
    optional: true

  '@img/sharp-linuxmusl-x64@0.33.5':
    optionalDependencies:
      '@img/sharp-libvips-linuxmusl-x64': 1.0.4
    optional: true

  '@img/sharp-wasm32@0.33.5':
    dependencies:
      '@emnapi/runtime': 1.4.3
    optional: true

  '@img/sharp-win32-ia32@0.33.5':
    optional: true

  '@img/sharp-win32-x64@0.33.5':
    optional: true

  '@rgrove/parse-xml@4.2.0': {}

  '@sindresorhus/slugify@2.2.1':
    dependencies:
      '@sindresorhus/transliterate': 1.6.0
      escape-string-regexp: 5.0.0

  '@sindresorhus/transliterate@1.6.0':
    dependencies:
      escape-string-regexp: 5.0.0

  '@zachleat/heading-anchors@1.0.3': {}

  a-sync-waterfall@1.0.1: {}

  acorn-walk@8.3.4:
    dependencies:
      acorn: 8.15.0

  acorn@8.15.0: {}

  anymatch@3.1.3:
    dependencies:
      normalize-path: 3.0.0
      picomatch: 2.3.1

  argparse@1.0.10:
    dependencies:
      sprintf-js: 1.0.3

  argparse@2.0.1: {}

  array-differ@1.0.0: {}

  array-union@1.0.2:
    dependencies:
      array-uniq: 1.0.3

  array-uniq@1.0.3: {}

  arrify@1.0.1: {}

  asap@2.0.6: {}

  balanced-match@1.0.2: {}

  bcp-47-match@2.0.3: {}

  bcp-47-normalize@2.3.0:
    dependencies:
      bcp-47: 2.1.0
      bcp-47-match: 2.0.3

  bcp-47@2.1.0:
    dependencies:
      is-alphabetical: 2.0.1
      is-alphanumerical: 2.0.1
      is-decimal: 2.0.1

  binary-extensions@2.3.0: {}

  brace-expansion@1.1.11:
    dependencies:
      balanced-match: 1.0.2
      concat-map: 0.0.1

  braces@3.0.3:
    dependencies:
      fill-range: 7.1.1

  brotli-size@4.0.0:
    dependencies:
      duplexer: 0.1.1

  chokidar@3.6.0:
    dependencies:
      anymatch: 3.1.3
      braces: 3.0.3
      glob-parent: 5.1.2
      is-binary-path: 2.1.0
      is-glob: 4.0.3
      normalize-path: 3.0.0
      readdirp: 3.6.0
    optionalDependencies:
      fsevents: 2.3.3

  color-convert@2.0.1:
    dependencies:
      color-name: 1.1.4

  color-name@1.1.4: {}

  color-string@1.9.1:
    dependencies:
      color-name: 1.1.4
      simple-swizzle: 0.2.2

  color@4.2.3:
    dependencies:
      color-convert: 2.0.1
      color-string: 1.9.1

  commander@10.0.1: {}

  commander@5.1.0: {}

  concat-map@0.0.1: {}

  cross-env@7.0.3:
    dependencies:
      cross-spawn: 7.0.6

  cross-spawn@7.0.6:
    dependencies:
      path-key: 3.1.1
      shebang-command: 2.0.0
      which: 2.0.2

  debug@2.6.9:
    dependencies:
      ms: 2.0.0

  debug@4.4.1:
    dependencies:
      ms: 2.1.3

  depd@2.0.0: {}

  dependency-graph@1.0.0: {}

  detect-libc@2.0.4: {}

  dom-serializer@1.4.1:
    dependencies:
      domelementtype: 2.3.0
      domhandler: 4.3.1
      entities: 2.2.0

  domelementtype@2.3.0: {}

  domhandler@4.3.1:
    dependencies:
      domelementtype: 2.3.0

  domutils@2.8.0:
    dependencies:
      dom-serializer: 1.4.1
      domelementtype: 2.3.0
      domhandler: 4.3.1

  duplexer@0.1.1: {}

  ee-first@1.1.1: {}

  encodeurl@2.0.0: {}

  entities@2.2.0: {}

  entities@3.0.1: {}

  entities@4.5.0: {}

  entities@6.0.0: {}

  entities@6.0.1: {}

  errno@1.0.0:
    dependencies:
      prr: 1.0.1

  escape-html@1.0.3: {}

  escape-string-regexp@5.0.0: {}

  esm-import-transformer@3.0.3:
    dependencies:
      acorn: 8.15.0

  esprima@4.0.1: {}

  etag@1.8.1: {}

  evaluate-value@2.0.0: {}

  eventemitter3@4.0.7: {}

  extend-shallow@2.0.1:
    dependencies:
      is-extendable: 0.1.1

  fdir@6.4.5(picomatch@4.0.2):
    optionalDependencies:
      picomatch: 4.0.2

  filesize@10.1.6: {}

  fill-range@7.1.1:
    dependencies:
      to-regex-range: 5.0.1

  finalhandler@1.3.1:
    dependencies:
      debug: 2.6.9
      encodeurl: 2.0.0
      escape-html: 1.0.3
      on-finished: 2.4.1
      parseurl: 1.3.3
      statuses: 2.0.1
      unpipe: 1.0.0
    transitivePeerDependencies:
      - supports-color

  flatted@3.3.3: {}

  fresh@2.0.0: {}

  fsevents@2.3.3:
    optional: true

  glob-parent@5.1.2:
    dependencies:
      is-glob: 4.0.3

  gray-matter@4.0.3:
    dependencies:
      js-yaml: 3.14.1
      kind-of: 6.0.3
      section-matter: 1.0.0
      strip-bom-string: 1.0.0

  htmlparser2@7.2.0:
    dependencies:
      domelementtype: 2.3.0
      domhandler: 4.3.1
      domutils: 2.8.0
      entities: 3.0.1

  http-equiv-refresh@2.0.1: {}

  http-errors@2.0.0:
    dependencies:
      depd: 2.0.0
      inherits: 2.0.4
      setprototypeof: 1.2.0
      statuses: 2.0.1
      toidentifier: 1.0.1

  image-size@1.2.1:
    dependencies:
      queue: 6.0.2

  inherits@2.0.4: {}

  is-alphabetical@2.0.1: {}

  is-alphanumerical@2.0.1:
    dependencies:
      is-alphabetical: 2.0.1
      is-decimal: 2.0.1

  is-arrayish@0.3.2: {}

  is-binary-path@2.1.0:
    dependencies:
      binary-extensions: 2.3.0

  is-decimal@2.0.1: {}

  is-extendable@0.1.1: {}

  is-extglob@2.1.1: {}

  is-glob@4.0.3:
    dependencies:
      is-extglob: 2.1.1

  is-json@2.0.1: {}

  is-number@7.0.0: {}

  isexe@2.0.0: {}

  iso-639-1@3.1.5: {}

  js-yaml@3.14.1:
    dependencies:
      argparse: 1.0.10
      esprima: 4.0.1

  js-yaml@4.1.0:
    dependencies:
      argparse: 2.0.1

  junk@3.1.0: {}

  kind-of@6.0.3: {}

  kleur@4.1.5: {}

  linkify-it@5.0.0:
    dependencies:
      uc.micro: 2.1.0

  liquidjs@10.21.1:
    dependencies:
      commander: 10.0.1

  list-to-array@1.1.0: {}

  luxon@3.6.1: {}

  markdown-it@14.1.0:
    dependencies:
      argparse: 2.0.1
      entities: 4.5.0
      linkify-it: 5.0.0
      mdurl: 2.0.0
      punycode.js: 2.3.1
      uc.micro: 2.1.0

  maximatch@0.1.0:
    dependencies:
      array-differ: 1.0.0
      array-union: 1.0.2
      arrify: 1.0.1
      minimatch: 3.1.2

  mdurl@2.0.0: {}

  mime-db@1.54.0: {}

  mime-types@3.0.1:
    dependencies:
      mime-db: 1.54.0

  mime@3.0.0: {}

  minimatch@3.1.2:
    dependencies:
      brace-expansion: 1.1.11

  minimist@1.2.8: {}

  minipass@7.1.2: {}

  moo@0.5.2: {}

  morphdom@2.7.5: {}

  ms@2.0.0: {}

  ms@2.1.3: {}

  node-retrieve-globals@6.0.1:
    dependencies:
      acorn: 8.15.0
      acorn-walk: 8.3.4
      esm-import-transformer: 3.0.3

  normalize-path@3.0.0: {}

  nunjucks@3.2.4(chokidar@3.6.0):
    dependencies:
      a-sync-waterfall: 1.0.1
      asap: 2.0.6
      commander: 5.1.0
    optionalDependencies:
      chokidar: 3.6.0

  on-finished@2.4.1:
    dependencies:
      ee-first: 1.1.1

  p-finally@1.0.0: {}

  p-queue@6.6.2:
    dependencies:
      eventemitter3: 4.0.7
      p-timeout: 3.2.0

  p-timeout@3.2.0:
    dependencies:
      p-finally: 1.0.0

  parse-srcset@1.0.2: {}

  parseurl@1.3.3: {}

  path-key@3.1.1: {}

  picomatch@2.3.1: {}

  picomatch@4.0.2: {}

  please-upgrade-node@3.2.0:
    dependencies:
      semver-compare: 1.0.0

  posthtml-match-helper@2.0.3(posthtml@0.16.6):
    dependencies:
      posthtml: 0.16.6

  posthtml-parser@0.11.0:
    dependencies:
      htmlparser2: 7.2.0

  posthtml-render@3.0.0:
    dependencies:
      is-json: 2.0.1

  posthtml@0.16.6:
    dependencies:
      posthtml-parser: 0.11.0
      posthtml-render: 3.0.0

  prismjs@1.30.0: {}

  prr@1.0.1: {}

  punycode.js@2.3.1: {}

  queue@6.0.2:
    dependencies:
      inherits: 2.0.4

  range-parser@1.2.1: {}

  readdirp@3.6.0:
    dependencies:
      picomatch: 2.3.1

  section-matter@1.0.0:
    dependencies:
      extend-shallow: 2.0.1
      kind-of: 6.0.3

  semver-compare@1.0.0: {}

  semver@7.7.2: {}

  send@1.2.0:
    dependencies:
      debug: 4.4.1
      encodeurl: 2.0.0
      escape-html: 1.0.3
      etag: 1.8.1
      fresh: 2.0.0
      http-errors: 2.0.0
      mime-types: 3.0.1
      ms: 2.1.3
      on-finished: 2.4.1
      range-parser: 1.2.1
      statuses: 2.0.2
    transitivePeerDependencies:
      - supports-color

  setprototypeof@1.2.0: {}

  sharp@0.33.5:
    dependencies:
      color: 4.2.3
      detect-libc: 2.0.4
      semver: 7.7.2
    optionalDependencies:
      '@img/sharp-darwin-arm64': 0.33.5
      '@img/sharp-darwin-x64': 0.33.5
      '@img/sharp-libvips-darwin-arm64': 1.0.4
      '@img/sharp-libvips-darwin-x64': 1.0.4
      '@img/sharp-libvips-linux-arm': 1.0.5
      '@img/sharp-libvips-linux-arm64': 1.0.4
      '@img/sharp-libvips-linux-s390x': 1.0.4
      '@img/sharp-libvips-linux-x64': 1.0.4
      '@img/sharp-libvips-linuxmusl-arm64': 1.0.4
      '@img/sharp-libvips-linuxmusl-x64': 1.0.4
      '@img/sharp-linux-arm': 0.33.5
      '@img/sharp-linux-arm64': 0.33.5
      '@img/sharp-linux-s390x': 0.33.5
      '@img/sharp-linux-x64': 0.33.5
      '@img/sharp-linuxmusl-arm64': 0.33.5
      '@img/sharp-linuxmusl-x64': 0.33.5
      '@img/sharp-wasm32': 0.33.5
      '@img/sharp-win32-ia32': 0.33.5
      '@img/sharp-win32-x64': 0.33.5

  shebang-command@2.0.0:
    dependencies:
      shebang-regex: 3.0.0

  shebang-regex@3.0.0: {}

  simple-swizzle@0.2.2:
    dependencies:
      is-arrayish: 0.3.2

  simpledotcss@2.3.7: {}

  slash@3.0.0: {}

  slugify@1.6.6: {}

  sprintf-js@1.0.3: {}

  ssri@11.0.0:
    dependencies:
      minipass: 7.1.2

  statuses@2.0.1: {}

  statuses@2.0.2: {}

  strip-bom-string@1.0.0: {}

  tinyglobby@0.2.14:
    dependencies:
      fdir: 6.4.5(picomatch@4.0.2)
      picomatch: 4.0.2

  to-regex-range@5.0.1:
    dependencies:
      is-number: 7.0.0

  toidentifier@1.0.1: {}

  tslib@2.8.1:
    optional: true

  uc.micro@2.1.0: {}

  unpipe@1.0.0: {}

  urlpattern-polyfill@10.1.0: {}

  which@2.0.2:
    dependencies:
      isexe: 2.0.0

  ws@8.18.2: {}

  zod-validation-error@3.4.1(zod@3.25.67):
    dependencies:
      zod: 3.25.67

  zod@3.25.67: {}
